
Microsoft Visual Studio Solution File, Format Version 12.00
# Visual Studio Version 16
VisualStudioVersion = 16.0.32413.511
MinimumVisualStudioVersion = 10.0.40219.1
Project("{8BC9CEB8-8B4A-11D0-8D11-00A0C91BC942}") = "test_windows", "test_windows\test_windows.vcxproj", "{6F70A3BF-229A-4CC7-A2D6-68E4ECD6758D}"
EndProject
Project("{8BC9CEB8-8B4A-11D0-8D11-00A0C91BC942}") = "softwareList", "softwareList\softwareList.vcxproj", "{C18D7E91-3B45-4292-A5B0-33EA17DA0A91}"
EndProject
Project("{8BC9CEB8-8B4A-11D0-8D11-00A0C91BC942}") = "getAccInf", "getAccInf\getAccInf.vcxproj", "{9BD2B10F-A45F-44FE-89AE-5BC82F796516}"
EndProject
Project("{8BC9CEB8-8B4A-11D0-8D11-00A0C91BC942}") = "ConsoleApplication1", "ConsoleApplication1\ConsoleApplication1.vcxproj", "{D28D66B8-248D-4E80-854F-79FE2F10E5C9}"
EndProject
Project("{8BC9CEB8-8B4A-11D0-8D11-00A0C91BC942}") = "getProductId", "getProductId\getProductId.vcxproj", "{493CB8E8-A4D2-4C2B-A0A7-6C29516356B2}"
EndProject
Project("{8BC9CEB8-8B4A-11D0-8D11-00A0C91BC942}") = "Date", "Date\Date.vcxproj", "{CCD841D8-B524-41F0-BA35-767AF3B18849}"
EndProject
Project("{8BC9CEB8-8B4A-11D0-8D11-00A0C91BC942}") = "dll", "dll\dll.vcxproj", "{AEDDB11E-C83D-455A-9BF7-946E172EE736}"
EndProject
Project("{8BC9CEB8-8B4A-11D0-8D11-00A0C91BC942}") = "dll_use", "dll_use\dll_use.vcxproj", "{35AB19AE-3275-4DBC-AF2E-C2E32E4D026A}"
EndProject
Project("{8BC9CEB8-8B4A-11D0-8D11-00A0C91BC942}") = "GetLastError", "GetLastError\GetLastError.vcxproj", "{6D908EF5-37E7-4E56-A242-F5BCBC6A6384}"
EndProject
Project("{8BC9CEB8-8B4A-11D0-8D11-00A0C91BC942}") = "libcurl_test", "libcurl_test\libcurl_test.vcxproj", "{E1C4E082-907E-4C35-8738-B04B6BBD50CE}"
EndProject
Project("{8BC9CEB8-8B4A-11D0-8D11-00A0C91BC942}") = "conditon_variable", "conditon_variable\conditon_variable.vcxproj", "{02D23E22-1A50-4A52-8B36-24E072735531}"
EndProject
Project("{8BC9CEB8-8B4A-11D0-8D11-00A0C91BC942}") = "string", "string\string.vcxproj", "{16949DFB-E828-449F-8FFC-0E0D04453A88}"
EndProject
Project("{8BC9CEB8-8B4A-11D0-8D11-00A0C91BC942}") = "jsoncpp", "jsoncpp\jsoncpp.vcxproj", "{B138BA49-56D8-4D40-B011-49FC37AD3FDB}"
EndProject
Project("{8BC9CEB8-8B4A-11D0-8D11-00A0C91BC942}") = "fileStream", "fileStream\fileStream.vcxproj", "{552D8ABB-BCF6-40D4-8EDF-BAB9D056E515}"
EndProject
Project("{8BC9CEB8-8B4A-11D0-8D11-00A0C91BC942}") = "stringfication", "stringfication\stringfication.vcxproj", "{BEB7A534-575B-413F-B45F-A2ACFAE5A540}"
EndProject
Project("{8BC9CEB8-8B4A-11D0-8D11-00A0C91BC942}") = "Sqlite", "Sqlite\Sqlite.vcxproj", "{042EA87B-B9F6-4F8B-8081-DC4776D873C4}"
EndProject
Project("{8BC9CEB8-8B4A-11D0-8D11-00A0C91BC942}") = "SqliteLib", "SqliteLib\SqliteLib.vcxproj", "{A340FED4-4375-4227-B487-988E00DD3646}"
EndProject
Project("{8BC9CEB8-8B4A-11D0-8D11-00A0C91BC942}") = "SqliteTest", "SqliteTest\SqliteTest.vcxproj", "{3376BE70-1572-410A-B966-4AB7B85E1051}"
EndProject
Project("{8BC9CEB8-8B4A-11D0-8D11-00A0C91BC942}") = "thread", "thread\thread.vcxproj", "{C1968EE9-FF9E-4EEF-B47E-68AB7A5FBA73}"
EndProject
Project("{8BC9CEB8-8B4A-11D0-8D11-00A0C91BC942}") = "zipTest", "zipTest\zipTest.vcxproj", "{9135417F-970E-42E2-B8E3-CBF7A1B05B96}"
EndProject
Project("{8BC9CEB8-8B4A-11D0-8D11-00A0C91BC942}") = "launchProcess", "launchProcess\launchProcess.vcxproj", "{FC42BBB8-661E-4CA4-BE9F-381F36F779F8}"
EndProject
Project("{8BC9CEB8-8B4A-11D0-8D11-00A0C91BC942}") = "App", "App\App.vcxproj", "{BB2C3981-C40D-4C5F-AE77-7F6E0CF45F83}"
EndProject
Project("{8BC9CEB8-8B4A-11D0-8D11-00A0C91BC942}") = "libhvWebsocket", "libhvWebsocket\libhvWebsocket.vcxproj", "{1D0952F9-5AD1-4DC6-9592-9DEFCFE2B711}"
EndProject
Project("{8BC9CEB8-8B4A-11D0-8D11-00A0C91BC942}") = "esfKnock", "esfKnock\esfKnock.vcxproj", "{A4BA4506-5118-45B9-A3BF-DB056C1E11F7}"
EndProject
Project("{8BC9CEB8-8B4A-11D0-8D11-00A0C91BC942}") = "registerAndEnvirenment", "registerAndEnvirenment\registerAndEnvirenment.vcxproj", "{6DAA99DA-FD5F-454E-A835-84376840E42A}"
EndProject
Project("{8BC9CEB8-8B4A-11D0-8D11-00A0C91BC942}") = "runCMD", "runCMD\runCMD.vcxproj", "{DB446F71-3C95-4D61-8407-6D2DC3D2A009}"
EndProject
Project("{8BC9CEB8-8B4A-11D0-8D11-00A0C91BC942}") = "proxyPlugin", "proxyPlugin\proxyPlugin.vcxproj", "{8F11B52D-3E7C-457D-9C38-C771DDF788E6}"
EndProject
Project("{8BC9CEB8-8B4A-11D0-8D11-00A0C91BC942}") = "updateSDC", "updateSDC\updateSDC.vcxproj", "{679E2606-F163-46FA-8296-7424E3F6251C}"
EndProject
Project("{8BC9CEB8-8B4A-11D0-8D11-00A0C91BC942}") = "getUserDir", "getUserDir\getUserDir.vcxproj", "{54A96F31-7CFE-47C7-A407-5921C40502EF}"
EndProject
Project("{8BC9CEB8-8B4A-11D0-8D11-00A0C91BC942}") = "get_system_volum", "get_system_volum\get_system_volum.vcxproj", "{3564942A-7D2A-478A-955E-E61499A16C74}"
EndProject
Project("{8BC9CEB8-8B4A-11D0-8D11-00A0C91BC942}") = "rref", "rref\rref.vcxproj", "{6D9D4954-A1F3-4FED-A574-6339E94F979C}"
EndProject
Project("{8BC9CEB8-8B4A-11D0-8D11-00A0C91BC942}") = "this", "this\this.vcxproj", "{20C6CD0F-5343-44A3-B2DF-FDA07895A0CD}"
EndProject
Project("{8BC9CEB8-8B4A-11D0-8D11-00A0C91BC942}") = "heart", "heart\heart.vcxproj", "{20237783-43BC-49A7-A92D-827824F38459}"
EndProject
Project("{8BC9CEB8-8B4A-11D0-8D11-00A0C91BC942}") = "pipe", "pipe\pipe.vcxproj", "{1C5265B3-2B26-42FC-8D24-54E2A176C686}"
EndProject
Project("{8BC9CEB8-8B4A-11D0-8D11-00A0C91BC942}") = "智能指针", "智能指针\智能指针.vcxproj", "{5668E134-8DC1-4F2C-A546-F74DAA091F17}"
EndProject
Project("{8BC9CEB8-8B4A-11D0-8D11-00A0C91BC942}") = "结束进程", "结束进程\结束进程.vcxproj", "{F47CC3C7-DDD1-47DD-AED0-9185B267C72E}"
EndProject
Project("{8BC9CEB8-8B4A-11D0-8D11-00A0C91BC942}") = "服务", "服务\服务.vcxproj", "{0187690D-8F0F-4733-BA37-F1A23818ABBA}"
EndProject
Project("{8BC9CEB8-8B4A-11D0-8D11-00A0C91BC942}") = "获取进程信息", "获取进程信息\获取进程信息.vcxproj", "{C8EDF32F-601E-483C-8D2F-AAA50555C8B7}"
EndProject
Project("{8BC9CEB8-8B4A-11D0-8D11-00A0C91BC942}") = "C_language", "C_language\C_language.vcxproj", "{C62F9ABF-BA30-44EA-8684-0F4A0A5A8027}"
EndProject
Project("{8BC9CEB8-8B4A-11D0-8D11-00A0C91BC942}") = "临时测试", "临时测试\临时测试.vcxproj", "{7BCDA897-E877-4BE5-987D-5F7B0354AC33}"
EndProject
Project("{8BC9CEB8-8B4A-11D0-8D11-00A0C91BC942}") = "多级反馈队列调度", "多级反馈队列调度\多级反馈队列调度.vcxproj", "{398B50F8-090F-408C-8BFB-C2246A0D8925}"
EndProject
Project("{8BC9CEB8-8B4A-11D0-8D11-00A0C91BC942}") = "线程池", "线程池\线程池.vcxproj", "{AB49639F-68C7-4560-B329-87F9A55FAEA8}"
EndProject
Project("{8BC9CEB8-8B4A-11D0-8D11-00A0C91BC942}") = "OpenGL", "OpenGL\OpenGL.vcxproj", "{51990945-6D9F-48D5-A486-13CA0202DB4A}"
EndProject
Global
	GlobalSection(SolutionConfigurationPlatforms) = preSolution
		Debug|x64 = Debug|x64
		Debug|x86 = Debug|x86
		Release|x64 = Release|x64
		Release|x86 = Release|x86
	EndGlobalSection
	GlobalSection(ProjectConfigurationPlatforms) = postSolution
		{6F70A3BF-229A-4CC7-A2D6-68E4ECD6758D}.Debug|x64.ActiveCfg = Debug|x64
		{6F70A3BF-229A-4CC7-A2D6-68E4ECD6758D}.Debug|x64.Build.0 = Debug|x64
		{6F70A3BF-229A-4CC7-A2D6-68E4ECD6758D}.Debug|x86.ActiveCfg = Debug|Win32
		{6F70A3BF-229A-4CC7-A2D6-68E4ECD6758D}.Debug|x86.Build.0 = Debug|Win32
		{6F70A3BF-229A-4CC7-A2D6-68E4ECD6758D}.Release|x64.ActiveCfg = Release|x64
		{6F70A3BF-229A-4CC7-A2D6-68E4ECD6758D}.Release|x64.Build.0 = Release|x64
		{6F70A3BF-229A-4CC7-A2D6-68E4ECD6758D}.Release|x86.ActiveCfg = Release|Win32
		{6F70A3BF-229A-4CC7-A2D6-68E4ECD6758D}.Release|x86.Build.0 = Release|Win32
		{C18D7E91-3B45-4292-A5B0-33EA17DA0A91}.Debug|x64.ActiveCfg = Debug|x64
		{C18D7E91-3B45-4292-A5B0-33EA17DA0A91}.Debug|x64.Build.0 = Debug|x64
		{C18D7E91-3B45-4292-A5B0-33EA17DA0A91}.Debug|x86.ActiveCfg = Debug|Win32
		{C18D7E91-3B45-4292-A5B0-33EA17DA0A91}.Debug|x86.Build.0 = Debug|Win32
		{C18D7E91-3B45-4292-A5B0-33EA17DA0A91}.Release|x64.ActiveCfg = Release|x64
		{C18D7E91-3B45-4292-A5B0-33EA17DA0A91}.Release|x64.Build.0 = Release|x64
		{C18D7E91-3B45-4292-A5B0-33EA17DA0A91}.Release|x86.ActiveCfg = Release|Win32
		{C18D7E91-3B45-4292-A5B0-33EA17DA0A91}.Release|x86.Build.0 = Release|Win32
		{9BD2B10F-A45F-44FE-89AE-5BC82F796516}.Debug|x64.ActiveCfg = Debug|x64
		{9BD2B10F-A45F-44FE-89AE-5BC82F796516}.Debug|x64.Build.0 = Debug|x64
		{9BD2B10F-A45F-44FE-89AE-5BC82F796516}.Debug|x86.ActiveCfg = Debug|Win32
		{9BD2B10F-A45F-44FE-89AE-5BC82F796516}.Debug|x86.Build.0 = Debug|Win32
		{9BD2B10F-A45F-44FE-89AE-5BC82F796516}.Release|x64.ActiveCfg = Release|x64
		{9BD2B10F-A45F-44FE-89AE-5BC82F796516}.Release|x64.Build.0 = Release|x64
		{9BD2B10F-A45F-44FE-89AE-5BC82F796516}.Release|x86.ActiveCfg = Release|Win32
		{9BD2B10F-A45F-44FE-89AE-5BC82F796516}.Release|x86.Build.0 = Release|Win32
		{D28D66B8-248D-4E80-854F-79FE2F10E5C9}.Debug|x64.ActiveCfg = Debug|x64
		{D28D66B8-248D-4E80-854F-79FE2F10E5C9}.Debug|x64.Build.0 = Debug|x64
		{D28D66B8-248D-4E80-854F-79FE2F10E5C9}.Debug|x86.ActiveCfg = Debug|Win32
		{D28D66B8-248D-4E80-854F-79FE2F10E5C9}.Debug|x86.Build.0 = Debug|Win32
		{D28D66B8-248D-4E80-854F-79FE2F10E5C9}.Release|x64.ActiveCfg = Release|x64
		{D28D66B8-248D-4E80-854F-79FE2F10E5C9}.Release|x64.Build.0 = Release|x64
		{D28D66B8-248D-4E80-854F-79FE2F10E5C9}.Release|x86.ActiveCfg = Release|Win32
		{D28D66B8-248D-4E80-854F-79FE2F10E5C9}.Release|x86.Build.0 = Release|Win32
		{493CB8E8-A4D2-4C2B-A0A7-6C29516356B2}.Debug|x64.ActiveCfg = Debug|x64
		{493CB8E8-A4D2-4C2B-A0A7-6C29516356B2}.Debug|x64.Build.0 = Debug|x64
		{493CB8E8-A4D2-4C2B-A0A7-6C29516356B2}.Debug|x86.ActiveCfg = Debug|Win32
		{493CB8E8-A4D2-4C2B-A0A7-6C29516356B2}.Debug|x86.Build.0 = Debug|Win32
		{493CB8E8-A4D2-4C2B-A0A7-6C29516356B2}.Release|x64.ActiveCfg = Release|x64
		{493CB8E8-A4D2-4C2B-A0A7-6C29516356B2}.Release|x64.Build.0 = Release|x64
		{493CB8E8-A4D2-4C2B-A0A7-6C29516356B2}.Release|x86.ActiveCfg = Release|Win32
		{493CB8E8-A4D2-4C2B-A0A7-6C29516356B2}.Release|x86.Build.0 = Release|Win32
		{CCD841D8-B524-41F0-BA35-767AF3B18849}.Debug|x64.ActiveCfg = Debug|x64
		{CCD841D8-B524-41F0-BA35-767AF3B18849}.Debug|x64.Build.0 = Debug|x64
		{CCD841D8-B524-41F0-BA35-767AF3B18849}.Debug|x86.ActiveCfg = Debug|Win32
		{CCD841D8-B524-41F0-BA35-767AF3B18849}.Debug|x86.Build.0 = Debug|Win32
		{CCD841D8-B524-41F0-BA35-767AF3B18849}.Release|x64.ActiveCfg = Release|x64
		{CCD841D8-B524-41F0-BA35-767AF3B18849}.Release|x64.Build.0 = Release|x64
		{CCD841D8-B524-41F0-BA35-767AF3B18849}.Release|x86.ActiveCfg = Release|Win32
		{CCD841D8-B524-41F0-BA35-767AF3B18849}.Release|x86.Build.0 = Release|Win32
		{AEDDB11E-C83D-455A-9BF7-946E172EE736}.Debug|x64.ActiveCfg = Debug|x64
		{AEDDB11E-C83D-455A-9BF7-946E172EE736}.Debug|x64.Build.0 = Debug|x64
		{AEDDB11E-C83D-455A-9BF7-946E172EE736}.Debug|x86.ActiveCfg = Debug|Win32
		{AEDDB11E-C83D-455A-9BF7-946E172EE736}.Debug|x86.Build.0 = Debug|Win32
		{AEDDB11E-C83D-455A-9BF7-946E172EE736}.Release|x64.ActiveCfg = Release|x64
		{AEDDB11E-C83D-455A-9BF7-946E172EE736}.Release|x64.Build.0 = Release|x64
		{AEDDB11E-C83D-455A-9BF7-946E172EE736}.Release|x86.ActiveCfg = Release|Win32
		{AEDDB11E-C83D-455A-9BF7-946E172EE736}.Release|x86.Build.0 = Release|Win32
		{35AB19AE-3275-4DBC-AF2E-C2E32E4D026A}.Debug|x64.ActiveCfg = Debug|x64
		{35AB19AE-3275-4DBC-AF2E-C2E32E4D026A}.Debug|x64.Build.0 = Debug|x64
		{35AB19AE-3275-4DBC-AF2E-C2E32E4D026A}.Debug|x86.ActiveCfg = Debug|Win32
		{35AB19AE-3275-4DBC-AF2E-C2E32E4D026A}.Debug|x86.Build.0 = Debug|Win32
		{35AB19AE-3275-4DBC-AF2E-C2E32E4D026A}.Release|x64.ActiveCfg = Release|x64
		{35AB19AE-3275-4DBC-AF2E-C2E32E4D026A}.Release|x64.Build.0 = Release|x64
		{35AB19AE-3275-4DBC-AF2E-C2E32E4D026A}.Release|x86.ActiveCfg = Release|Win32
		{35AB19AE-3275-4DBC-AF2E-C2E32E4D026A}.Release|x86.Build.0 = Release|Win32
		{6D908EF5-37E7-4E56-A242-F5BCBC6A6384}.Debug|x64.ActiveCfg = Debug|x64
		{6D908EF5-37E7-4E56-A242-F5BCBC6A6384}.Debug|x64.Build.0 = Debug|x64
		{6D908EF5-37E7-4E56-A242-F5BCBC6A6384}.Debug|x86.ActiveCfg = Debug|Win32
		{6D908EF5-37E7-4E56-A242-F5BCBC6A6384}.Debug|x86.Build.0 = Debug|Win32
		{6D908EF5-37E7-4E56-A242-F5BCBC6A6384}.Release|x64.ActiveCfg = Release|x64
		{6D908EF5-37E7-4E56-A242-F5BCBC6A6384}.Release|x64.Build.0 = Release|x64
		{6D908EF5-37E7-4E56-A242-F5BCBC6A6384}.Release|x86.ActiveCfg = Release|Win32
		{6D908EF5-37E7-4E56-A242-F5BCBC6A6384}.Release|x86.Build.0 = Release|Win32
		{E1C4E082-907E-4C35-8738-B04B6BBD50CE}.Debug|x64.ActiveCfg = Debug|x64
		{E1C4E082-907E-4C35-8738-B04B6BBD50CE}.Debug|x64.Build.0 = Debug|x64
		{E1C4E082-907E-4C35-8738-B04B6BBD50CE}.Debug|x86.ActiveCfg = Debug|Win32
		{E1C4E082-907E-4C35-8738-B04B6BBD50CE}.Debug|x86.Build.0 = Debug|Win32
		{E1C4E082-907E-4C35-8738-B04B6BBD50CE}.Release|x64.ActiveCfg = Release|x64
		{E1C4E082-907E-4C35-8738-B04B6BBD50CE}.Release|x64.Build.0 = Release|x64
		{E1C4E082-907E-4C35-8738-B04B6BBD50CE}.Release|x86.ActiveCfg = Release|Win32
		{E1C4E082-907E-4C35-8738-B04B6BBD50CE}.Release|x86.Build.0 = Release|Win32
		{02D23E22-1A50-4A52-8B36-24E072735531}.Debug|x64.ActiveCfg = Debug|x64
		{02D23E22-1A50-4A52-8B36-24E072735531}.Debug|x64.Build.0 = Debug|x64
		{02D23E22-1A50-4A52-8B36-24E072735531}.Debug|x86.ActiveCfg = Debug|Win32
		{02D23E22-1A50-4A52-8B36-24E072735531}.Debug|x86.Build.0 = Debug|Win32
		{02D23E22-1A50-4A52-8B36-24E072735531}.Release|x64.ActiveCfg = Release|x64
		{02D23E22-1A50-4A52-8B36-24E072735531}.Release|x64.Build.0 = Release|x64
		{02D23E22-1A50-4A52-8B36-24E072735531}.Release|x86.ActiveCfg = Release|Win32
		{02D23E22-1A50-4A52-8B36-24E072735531}.Release|x86.Build.0 = Release|Win32
		{16949DFB-E828-449F-8FFC-0E0D04453A88}.Debug|x64.ActiveCfg = Debug|x64
		{16949DFB-E828-449F-8FFC-0E0D04453A88}.Debug|x64.Build.0 = Debug|x64
		{16949DFB-E828-449F-8FFC-0E0D04453A88}.Debug|x86.ActiveCfg = Debug|Win32
		{16949DFB-E828-449F-8FFC-0E0D04453A88}.Debug|x86.Build.0 = Debug|Win32
		{16949DFB-E828-449F-8FFC-0E0D04453A88}.Release|x64.ActiveCfg = Release|x64
		{16949DFB-E828-449F-8FFC-0E0D04453A88}.Release|x64.Build.0 = Release|x64
		{16949DFB-E828-449F-8FFC-0E0D04453A88}.Release|x86.ActiveCfg = Release|Win32
		{16949DFB-E828-449F-8FFC-0E0D04453A88}.Release|x86.Build.0 = Release|Win32
		{B138BA49-56D8-4D40-B011-49FC37AD3FDB}.Debug|x64.ActiveCfg = Debug|x64
		{B138BA49-56D8-4D40-B011-49FC37AD3FDB}.Debug|x64.Build.0 = Debug|x64
		{B138BA49-56D8-4D40-B011-49FC37AD3FDB}.Debug|x86.ActiveCfg = Debug|Win32
		{B138BA49-56D8-4D40-B011-49FC37AD3FDB}.Debug|x86.Build.0 = Debug|Win32
		{B138BA49-56D8-4D40-B011-49FC37AD3FDB}.Release|x64.ActiveCfg = Release|x64
		{B138BA49-56D8-4D40-B011-49FC37AD3FDB}.Release|x64.Build.0 = Release|x64
		{B138BA49-56D8-4D40-B011-49FC37AD3FDB}.Release|x86.ActiveCfg = Release|Win32
		{B138BA49-56D8-4D40-B011-49FC37AD3FDB}.Release|x86.Build.0 = Release|Win32
		{552D8ABB-BCF6-40D4-8EDF-BAB9D056E515}.Debug|x64.ActiveCfg = Debug|x64
		{552D8ABB-BCF6-40D4-8EDF-BAB9D056E515}.Debug|x64.Build.0 = Debug|x64
		{552D8ABB-BCF6-40D4-8EDF-BAB9D056E515}.Debug|x86.ActiveCfg = Debug|Win32
		{552D8ABB-BCF6-40D4-8EDF-BAB9D056E515}.Debug|x86.Build.0 = Debug|Win32
		{552D8ABB-BCF6-40D4-8EDF-BAB9D056E515}.Release|x64.ActiveCfg = Release|x64
		{552D8ABB-BCF6-40D4-8EDF-BAB9D056E515}.Release|x64.Build.0 = Release|x64
		{552D8ABB-BCF6-40D4-8EDF-BAB9D056E515}.Release|x86.ActiveCfg = Release|Win32
		{552D8ABB-BCF6-40D4-8EDF-BAB9D056E515}.Release|x86.Build.0 = Release|Win32
		{BEB7A534-575B-413F-B45F-A2ACFAE5A540}.Debug|x64.ActiveCfg = Debug|x64
		{BEB7A534-575B-413F-B45F-A2ACFAE5A540}.Debug|x64.Build.0 = Debug|x64
		{BEB7A534-575B-413F-B45F-A2ACFAE5A540}.Debug|x86.ActiveCfg = Debug|Win32
		{BEB7A534-575B-413F-B45F-A2ACFAE5A540}.Debug|x86.Build.0 = Debug|Win32
		{BEB7A534-575B-413F-B45F-A2ACFAE5A540}.Release|x64.ActiveCfg = Release|x64
		{BEB7A534-575B-413F-B45F-A2ACFAE5A540}.Release|x64.Build.0 = Release|x64
		{BEB7A534-575B-413F-B45F-A2ACFAE5A540}.Release|x86.ActiveCfg = Release|Win32
		{BEB7A534-575B-413F-B45F-A2ACFAE5A540}.Release|x86.Build.0 = Release|Win32
		{042EA87B-B9F6-4F8B-8081-DC4776D873C4}.Debug|x64.ActiveCfg = Debug|x64
		{042EA87B-B9F6-4F8B-8081-DC4776D873C4}.Debug|x64.Build.0 = Debug|x64
		{042EA87B-B9F6-4F8B-8081-DC4776D873C4}.Debug|x86.ActiveCfg = Debug|Win32
		{042EA87B-B9F6-4F8B-8081-DC4776D873C4}.Debug|x86.Build.0 = Debug|Win32
		{042EA87B-B9F6-4F8B-8081-DC4776D873C4}.Release|x64.ActiveCfg = Release|x64
		{042EA87B-B9F6-4F8B-8081-DC4776D873C4}.Release|x64.Build.0 = Release|x64
		{042EA87B-B9F6-4F8B-8081-DC4776D873C4}.Release|x86.ActiveCfg = Release|Win32
		{042EA87B-B9F6-4F8B-8081-DC4776D873C4}.Release|x86.Build.0 = Release|Win32
		{A340FED4-4375-4227-B487-988E00DD3646}.Debug|x64.ActiveCfg = Debug|x64
		{A340FED4-4375-4227-B487-988E00DD3646}.Debug|x64.Build.0 = Debug|x64
		{A340FED4-4375-4227-B487-988E00DD3646}.Debug|x86.ActiveCfg = Debug|Win32
		{A340FED4-4375-4227-B487-988E00DD3646}.Debug|x86.Build.0 = Debug|Win32
		{A340FED4-4375-4227-B487-988E00DD3646}.Release|x64.ActiveCfg = Release|x64
		{A340FED4-4375-4227-B487-988E00DD3646}.Release|x64.Build.0 = Release|x64
		{A340FED4-4375-4227-B487-988E00DD3646}.Release|x86.ActiveCfg = Release|Win32
		{A340FED4-4375-4227-B487-988E00DD3646}.Release|x86.Build.0 = Release|Win32
		{3376BE70-1572-410A-B966-4AB7B85E1051}.Debug|x64.ActiveCfg = Debug|x64
		{3376BE70-1572-410A-B966-4AB7B85E1051}.Debug|x64.Build.0 = Debug|x64
		{3376BE70-1572-410A-B966-4AB7B85E1051}.Debug|x86.ActiveCfg = Debug|Win32
		{3376BE70-1572-410A-B966-4AB7B85E1051}.Debug|x86.Build.0 = Debug|Win32
		{3376BE70-1572-410A-B966-4AB7B85E1051}.Release|x64.ActiveCfg = Release|x64
		{3376BE70-1572-410A-B966-4AB7B85E1051}.Release|x64.Build.0 = Release|x64
		{3376BE70-1572-410A-B966-4AB7B85E1051}.Release|x86.ActiveCfg = Release|Win32
		{3376BE70-1572-410A-B966-4AB7B85E1051}.Release|x86.Build.0 = Release|Win32
		{C1968EE9-FF9E-4EEF-B47E-68AB7A5FBA73}.Debug|x64.ActiveCfg = Debug|x64
		{C1968EE9-FF9E-4EEF-B47E-68AB7A5FBA73}.Debug|x64.Build.0 = Debug|x64
		{C1968EE9-FF9E-4EEF-B47E-68AB7A5FBA73}.Debug|x86.ActiveCfg = Debug|Win32
		{C1968EE9-FF9E-4EEF-B47E-68AB7A5FBA73}.Debug|x86.Build.0 = Debug|Win32
		{C1968EE9-FF9E-4EEF-B47E-68AB7A5FBA73}.Release|x64.ActiveCfg = Release|x64
		{C1968EE9-FF9E-4EEF-B47E-68AB7A5FBA73}.Release|x64.Build.0 = Release|x64
		{C1968EE9-FF9E-4EEF-B47E-68AB7A5FBA73}.Release|x86.ActiveCfg = Release|Win32
		{C1968EE9-FF9E-4EEF-B47E-68AB7A5FBA73}.Release|x86.Build.0 = Release|Win32
		{9135417F-970E-42E2-B8E3-CBF7A1B05B96}.Debug|x64.ActiveCfg = Debug|x64
		{9135417F-970E-42E2-B8E3-CBF7A1B05B96}.Debug|x64.Build.0 = Debug|x64
		{9135417F-970E-42E2-B8E3-CBF7A1B05B96}.Debug|x86.ActiveCfg = Debug|Win32
		{9135417F-970E-42E2-B8E3-CBF7A1B05B96}.Debug|x86.Build.0 = Debug|Win32
		{9135417F-970E-42E2-B8E3-CBF7A1B05B96}.Release|x64.ActiveCfg = Release|x64
		{9135417F-970E-42E2-B8E3-CBF7A1B05B96}.Release|x64.Build.0 = Release|x64
		{9135417F-970E-42E2-B8E3-CBF7A1B05B96}.Release|x86.ActiveCfg = Release|Win32
		{9135417F-970E-42E2-B8E3-CBF7A1B05B96}.Release|x86.Build.0 = Release|Win32
		{FC42BBB8-661E-4CA4-BE9F-381F36F779F8}.Debug|x64.ActiveCfg = Debug|x64
		{FC42BBB8-661E-4CA4-BE9F-381F36F779F8}.Debug|x64.Build.0 = Debug|x64
		{FC42BBB8-661E-4CA4-BE9F-381F36F779F8}.Debug|x86.ActiveCfg = Debug|Win32
		{FC42BBB8-661E-4CA4-BE9F-381F36F779F8}.Debug|x86.Build.0 = Debug|Win32
		{FC42BBB8-661E-4CA4-BE9F-381F36F779F8}.Release|x64.ActiveCfg = Release|x64
		{FC42BBB8-661E-4CA4-BE9F-381F36F779F8}.Release|x64.Build.0 = Release|x64
		{FC42BBB8-661E-4CA4-BE9F-381F36F779F8}.Release|x86.ActiveCfg = Release|Win32
		{FC42BBB8-661E-4CA4-BE9F-381F36F779F8}.Release|x86.Build.0 = Release|Win32
		{BB2C3981-C40D-4C5F-AE77-7F6E0CF45F83}.Debug|x64.ActiveCfg = Debug|x64
		{BB2C3981-C40D-4C5F-AE77-7F6E0CF45F83}.Debug|x64.Build.0 = Debug|x64
		{BB2C3981-C40D-4C5F-AE77-7F6E0CF45F83}.Debug|x86.ActiveCfg = Debug|Win32
		{BB2C3981-C40D-4C5F-AE77-7F6E0CF45F83}.Debug|x86.Build.0 = Debug|Win32
		{BB2C3981-C40D-4C5F-AE77-7F6E0CF45F83}.Release|x64.ActiveCfg = Release|x64
		{BB2C3981-C40D-4C5F-AE77-7F6E0CF45F83}.Release|x64.Build.0 = Release|x64
		{BB2C3981-C40D-4C5F-AE77-7F6E0CF45F83}.Release|x86.ActiveCfg = Release|Win32
		{BB2C3981-C40D-4C5F-AE77-7F6E0CF45F83}.Release|x86.Build.0 = Release|Win32
		{1D0952F9-5AD1-4DC6-9592-9DEFCFE2B711}.Debug|x64.ActiveCfg = Debug|x64
		{1D0952F9-5AD1-4DC6-9592-9DEFCFE2B711}.Debug|x64.Build.0 = Debug|x64
		{1D0952F9-5AD1-4DC6-9592-9DEFCFE2B711}.Debug|x86.ActiveCfg = Debug|Win32
		{1D0952F9-5AD1-4DC6-9592-9DEFCFE2B711}.Debug|x86.Build.0 = Debug|Win32
		{1D0952F9-5AD1-4DC6-9592-9DEFCFE2B711}.Release|x64.ActiveCfg = Release|x64
		{1D0952F9-5AD1-4DC6-9592-9DEFCFE2B711}.Release|x64.Build.0 = Release|x64
		{1D0952F9-5AD1-4DC6-9592-9DEFCFE2B711}.Release|x86.ActiveCfg = Release|Win32
		{1D0952F9-5AD1-4DC6-9592-9DEFCFE2B711}.Release|x86.Build.0 = Release|Win32
		{A4BA4506-5118-45B9-A3BF-DB056C1E11F7}.Debug|x64.ActiveCfg = Debug|x64
		{A4BA4506-5118-45B9-A3BF-DB056C1E11F7}.Debug|x64.Build.0 = Debug|x64
		{A4BA4506-5118-45B9-A3BF-DB056C1E11F7}.Debug|x86.ActiveCfg = Debug|Win32
		{A4BA4506-5118-45B9-A3BF-DB056C1E11F7}.Debug|x86.Build.0 = Debug|Win32
		{A4BA4506-5118-45B9-A3BF-DB056C1E11F7}.Release|x64.ActiveCfg = Release|x64
		{A4BA4506-5118-45B9-A3BF-DB056C1E11F7}.Release|x64.Build.0 = Release|x64
		{A4BA4506-5118-45B9-A3BF-DB056C1E11F7}.Release|x86.ActiveCfg = Release|Win32
		{A4BA4506-5118-45B9-A3BF-DB056C1E11F7}.Release|x86.Build.0 = Release|Win32
		{6DAA99DA-FD5F-454E-A835-84376840E42A}.Debug|x64.ActiveCfg = Debug|x64
		{6DAA99DA-FD5F-454E-A835-84376840E42A}.Debug|x64.Build.0 = Debug|x64
		{6DAA99DA-FD5F-454E-A835-84376840E42A}.Debug|x86.ActiveCfg = Debug|Win32
		{6DAA99DA-FD5F-454E-A835-84376840E42A}.Debug|x86.Build.0 = Debug|Win32
		{6DAA99DA-FD5F-454E-A835-84376840E42A}.Release|x64.ActiveCfg = Release|x64
		{6DAA99DA-FD5F-454E-A835-84376840E42A}.Release|x64.Build.0 = Release|x64
		{6DAA99DA-FD5F-454E-A835-84376840E42A}.Release|x86.ActiveCfg = Release|Win32
		{6DAA99DA-FD5F-454E-A835-84376840E42A}.Release|x86.Build.0 = Release|Win32
		{DB446F71-3C95-4D61-8407-6D2DC3D2A009}.Debug|x64.ActiveCfg = Debug|x64
		{DB446F71-3C95-4D61-8407-6D2DC3D2A009}.Debug|x64.Build.0 = Debug|x64
		{DB446F71-3C95-4D61-8407-6D2DC3D2A009}.Debug|x86.ActiveCfg = Debug|Win32
		{DB446F71-3C95-4D61-8407-6D2DC3D2A009}.Debug|x86.Build.0 = Debug|Win32
		{DB446F71-3C95-4D61-8407-6D2DC3D2A009}.Release|x64.ActiveCfg = Release|x64
		{DB446F71-3C95-4D61-8407-6D2DC3D2A009}.Release|x64.Build.0 = Release|x64
		{DB446F71-3C95-4D61-8407-6D2DC3D2A009}.Release|x86.ActiveCfg = Release|Win32
		{DB446F71-3C95-4D61-8407-6D2DC3D2A009}.Release|x86.Build.0 = Release|Win32
		{8F11B52D-3E7C-457D-9C38-C771DDF788E6}.Debug|x64.ActiveCfg = Debug|x64
		{8F11B52D-3E7C-457D-9C38-C771DDF788E6}.Debug|x64.Build.0 = Debug|x64
		{8F11B52D-3E7C-457D-9C38-C771DDF788E6}.Debug|x86.ActiveCfg = Debug|Win32
		{8F11B52D-3E7C-457D-9C38-C771DDF788E6}.Debug|x86.Build.0 = Debug|Win32
		{8F11B52D-3E7C-457D-9C38-C771DDF788E6}.Release|x64.ActiveCfg = Release|x64
		{8F11B52D-3E7C-457D-9C38-C771DDF788E6}.Release|x64.Build.0 = Release|x64
		{8F11B52D-3E7C-457D-9C38-C771DDF788E6}.Release|x86.ActiveCfg = Release|Win32
		{8F11B52D-3E7C-457D-9C38-C771DDF788E6}.Release|x86.Build.0 = Release|Win32
		{679E2606-F163-46FA-8296-7424E3F6251C}.Debug|x64.ActiveCfg = Debug|x64
		{679E2606-F163-46FA-8296-7424E3F6251C}.Debug|x64.Build.0 = Debug|x64
		{679E2606-F163-46FA-8296-7424E3F6251C}.Debug|x86.ActiveCfg = Debug|Win32
		{679E2606-F163-46FA-8296-7424E3F6251C}.Debug|x86.Build.0 = Debug|Win32
		{679E2606-F163-46FA-8296-7424E3F6251C}.Release|x64.ActiveCfg = Release|x64
		{679E2606-F163-46FA-8296-7424E3F6251C}.Release|x64.Build.0 = Release|x64
		{679E2606-F163-46FA-8296-7424E3F6251C}.Release|x86.ActiveCfg = Release|Win32
		{679E2606-F163-46FA-8296-7424E3F6251C}.Release|x86.Build.0 = Release|Win32
		{679E2606-F163-46FA-8296-7424E3F6251C}.Release|x86.Deploy.0 = Release|Win32
		{54A96F31-7CFE-47C7-A407-5921C40502EF}.Debug|x64.ActiveCfg = Debug|x64
		{54A96F31-7CFE-47C7-A407-5921C40502EF}.Debug|x64.Build.0 = Debug|x64
		{54A96F31-7CFE-47C7-A407-5921C40502EF}.Debug|x86.ActiveCfg = Debug|Win32
		{54A96F31-7CFE-47C7-A407-5921C40502EF}.Debug|x86.Build.0 = Debug|Win32
		{54A96F31-7CFE-47C7-A407-5921C40502EF}.Release|x64.ActiveCfg = Release|x64
		{54A96F31-7CFE-47C7-A407-5921C40502EF}.Release|x64.Build.0 = Release|x64
		{54A96F31-7CFE-47C7-A407-5921C40502EF}.Release|x86.ActiveCfg = Release|Win32
		{54A96F31-7CFE-47C7-A407-5921C40502EF}.Release|x86.Build.0 = Release|Win32
		{3564942A-7D2A-478A-955E-E61499A16C74}.Debug|x64.ActiveCfg = Debug|x64
		{3564942A-7D2A-478A-955E-E61499A16C74}.Debug|x64.Build.0 = Debug|x64
		{3564942A-7D2A-478A-955E-E61499A16C74}.Debug|x86.ActiveCfg = Debug|Win32
		{3564942A-7D2A-478A-955E-E61499A16C74}.Debug|x86.Build.0 = Debug|Win32
		{3564942A-7D2A-478A-955E-E61499A16C74}.Release|x64.ActiveCfg = Release|x64
		{3564942A-7D2A-478A-955E-E61499A16C74}.Release|x64.Build.0 = Release|x64
		{3564942A-7D2A-478A-955E-E61499A16C74}.Release|x86.ActiveCfg = Release|Win32
		{3564942A-7D2A-478A-955E-E61499A16C74}.Release|x86.Build.0 = Release|Win32
		{6D9D4954-A1F3-4FED-A574-6339E94F979C}.Debug|x64.ActiveCfg = Debug|x64
		{6D9D4954-A1F3-4FED-A574-6339E94F979C}.Debug|x64.Build.0 = Debug|x64
		{6D9D4954-A1F3-4FED-A574-6339E94F979C}.Debug|x86.ActiveCfg = Debug|Win32
		{6D9D4954-A1F3-4FED-A574-6339E94F979C}.Debug|x86.Build.0 = Debug|Win32
		{6D9D4954-A1F3-4FED-A574-6339E94F979C}.Release|x64.ActiveCfg = Release|x64
		{6D9D4954-A1F3-4FED-A574-6339E94F979C}.Release|x64.Build.0 = Release|x64
		{6D9D4954-A1F3-4FED-A574-6339E94F979C}.Release|x86.ActiveCfg = Release|Win32
		{6D9D4954-A1F3-4FED-A574-6339E94F979C}.Release|x86.Build.0 = Release|Win32
		{20C6CD0F-5343-44A3-B2DF-FDA07895A0CD}.Debug|x64.ActiveCfg = Debug|x64
		{20C6CD0F-5343-44A3-B2DF-FDA07895A0CD}.Debug|x64.Build.0 = Debug|x64
		{20C6CD0F-5343-44A3-B2DF-FDA07895A0CD}.Debug|x86.ActiveCfg = Debug|Win32
		{20C6CD0F-5343-44A3-B2DF-FDA07895A0CD}.Debug|x86.Build.0 = Debug|Win32
		{20C6CD0F-5343-44A3-B2DF-FDA07895A0CD}.Release|x64.ActiveCfg = Release|x64
		{20C6CD0F-5343-44A3-B2DF-FDA07895A0CD}.Release|x64.Build.0 = Release|x64
		{20C6CD0F-5343-44A3-B2DF-FDA07895A0CD}.Release|x86.ActiveCfg = Release|Win32
		{20C6CD0F-5343-44A3-B2DF-FDA07895A0CD}.Release|x86.Build.0 = Release|Win32
		{20237783-43BC-49A7-A92D-827824F38459}.Debug|x64.ActiveCfg = Debug|x64
		{20237783-43BC-49A7-A92D-827824F38459}.Debug|x64.Build.0 = Debug|x64
		{20237783-43BC-49A7-A92D-827824F38459}.Debug|x86.ActiveCfg = Debug|Win32
		{20237783-43BC-49A7-A92D-827824F38459}.Debug|x86.Build.0 = Debug|Win32
		{20237783-43BC-49A7-A92D-827824F38459}.Release|x64.ActiveCfg = Release|x64
		{20237783-43BC-49A7-A92D-827824F38459}.Release|x64.Build.0 = Release|x64
		{20237783-43BC-49A7-A92D-827824F38459}.Release|x86.ActiveCfg = Release|Win32
		{20237783-43BC-49A7-A92D-827824F38459}.Release|x86.Build.0 = Release|Win32
		{1C5265B3-2B26-42FC-8D24-54E2A176C686}.Debug|x64.ActiveCfg = Debug|x64
		{1C5265B3-2B26-42FC-8D24-54E2A176C686}.Debug|x64.Build.0 = Debug|x64
		{1C5265B3-2B26-42FC-8D24-54E2A176C686}.Debug|x86.ActiveCfg = Debug|Win32
		{1C5265B3-2B26-42FC-8D24-54E2A176C686}.Debug|x86.Build.0 = Debug|Win32
		{1C5265B3-2B26-42FC-8D24-54E2A176C686}.Release|x64.ActiveCfg = Release|x64
		{1C5265B3-2B26-42FC-8D24-54E2A176C686}.Release|x64.Build.0 = Release|x64
		{1C5265B3-2B26-42FC-8D24-54E2A176C686}.Release|x86.ActiveCfg = Release|Win32
		{1C5265B3-2B26-42FC-8D24-54E2A176C686}.Release|x86.Build.0 = Release|Win32
		{5668E134-8DC1-4F2C-A546-F74DAA091F17}.Debug|x64.ActiveCfg = Debug|x64
		{5668E134-8DC1-4F2C-A546-F74DAA091F17}.Debug|x64.Build.0 = Debug|x64
		{5668E134-8DC1-4F2C-A546-F74DAA091F17}.Debug|x86.ActiveCfg = Debug|Win32
		{5668E134-8DC1-4F2C-A546-F74DAA091F17}.Debug|x86.Build.0 = Debug|Win32
		{5668E134-8DC1-4F2C-A546-F74DAA091F17}.Release|x64.ActiveCfg = Release|x64
		{5668E134-8DC1-4F2C-A546-F74DAA091F17}.Release|x64.Build.0 = Release|x64
		{5668E134-8DC1-4F2C-A546-F74DAA091F17}.Release|x86.ActiveCfg = Release|Win32
		{5668E134-8DC1-4F2C-A546-F74DAA091F17}.Release|x86.Build.0 = Release|Win32
		{F47CC3C7-DDD1-47DD-AED0-9185B267C72E}.Debug|x64.ActiveCfg = Debug|x64
		{F47CC3C7-DDD1-47DD-AED0-9185B267C72E}.Debug|x64.Build.0 = Debug|x64
		{F47CC3C7-DDD1-47DD-AED0-9185B267C72E}.Debug|x86.ActiveCfg = Debug|Win32
		{F47CC3C7-DDD1-47DD-AED0-9185B267C72E}.Debug|x86.Build.0 = Debug|Win32
		{F47CC3C7-DDD1-47DD-AED0-9185B267C72E}.Release|x64.ActiveCfg = Release|x64
		{F47CC3C7-DDD1-47DD-AED0-9185B267C72E}.Release|x64.Build.0 = Release|x64
		{F47CC3C7-DDD1-47DD-AED0-9185B267C72E}.Release|x86.ActiveCfg = Release|Win32
		{F47CC3C7-DDD1-47DD-AED0-9185B267C72E}.Release|x86.Build.0 = Release|Win32
		{0187690D-8F0F-4733-BA37-F1A23818ABBA}.Debug|x64.ActiveCfg = Debug|x64
		{0187690D-8F0F-4733-BA37-F1A23818ABBA}.Debug|x64.Build.0 = Debug|x64
		{0187690D-8F0F-4733-BA37-F1A23818ABBA}.Debug|x86.ActiveCfg = Debug|Win32
		{0187690D-8F0F-4733-BA37-F1A23818ABBA}.Debug|x86.Build.0 = Debug|Win32
		{0187690D-8F0F-4733-BA37-F1A23818ABBA}.Release|x64.ActiveCfg = Release|x64
		{0187690D-8F0F-4733-BA37-F1A23818ABBA}.Release|x64.Build.0 = Release|x64
		{0187690D-8F0F-4733-BA37-F1A23818ABBA}.Release|x86.ActiveCfg = Release|Win32
		{0187690D-8F0F-4733-BA37-F1A23818ABBA}.Release|x86.Build.0 = Release|Win32
		{C8EDF32F-601E-483C-8D2F-AAA50555C8B7}.Debug|x64.ActiveCfg = Debug|x64
		{C8EDF32F-601E-483C-8D2F-AAA50555C8B7}.Debug|x64.Build.0 = Debug|x64
		{C8EDF32F-601E-483C-8D2F-AAA50555C8B7}.Debug|x86.ActiveCfg = Debug|Win32
		{C8EDF32F-601E-483C-8D2F-AAA50555C8B7}.Debug|x86.Build.0 = Debug|Win32
		{C8EDF32F-601E-483C-8D2F-AAA50555C8B7}.Release|x64.ActiveCfg = Release|x64
		{C8EDF32F-601E-483C-8D2F-AAA50555C8B7}.Release|x64.Build.0 = Release|x64
		{C8EDF32F-601E-483C-8D2F-AAA50555C8B7}.Release|x86.ActiveCfg = Release|Win32
		{C8EDF32F-601E-483C-8D2F-AAA50555C8B7}.Release|x86.Build.0 = Release|Win32
		{C62F9ABF-BA30-44EA-8684-0F4A0A5A8027}.Debug|x64.ActiveCfg = Debug|x64
		{C62F9ABF-BA30-44EA-8684-0F4A0A5A8027}.Debug|x64.Build.0 = Debug|x64
		{C62F9ABF-BA30-44EA-8684-0F4A0A5A8027}.Debug|x86.ActiveCfg = Debug|Win32
		{C62F9ABF-BA30-44EA-8684-0F4A0A5A8027}.Debug|x86.Build.0 = Debug|Win32
		{C62F9ABF-BA30-44EA-8684-0F4A0A5A8027}.Release|x64.ActiveCfg = Release|x64
		{C62F9ABF-BA30-44EA-8684-0F4A0A5A8027}.Release|x64.Build.0 = Release|x64
		{C62F9ABF-BA30-44EA-8684-0F4A0A5A8027}.Release|x86.ActiveCfg = Release|Win32
		{C62F9ABF-BA30-44EA-8684-0F4A0A5A8027}.Release|x86.Build.0 = Release|Win32
		{7BCDA897-E877-4BE5-987D-5F7B0354AC33}.Debug|x64.ActiveCfg = Debug|x64
		{7BCDA897-E877-4BE5-987D-5F7B0354AC33}.Debug|x64.Build.0 = Debug|x64
		{7BCDA897-E877-4BE5-987D-5F7B0354AC33}.Debug|x86.ActiveCfg = Debug|Win32
		{7BCDA897-E877-4BE5-987D-5F7B0354AC33}.Debug|x86.Build.0 = Debug|Win32
		{7BCDA897-E877-4BE5-987D-5F7B0354AC33}.Release|x64.ActiveCfg = Release|x64
		{7BCDA897-E877-4BE5-987D-5F7B0354AC33}.Release|x64.Build.0 = Release|x64
		{7BCDA897-E877-4BE5-987D-5F7B0354AC33}.Release|x86.ActiveCfg = Release|Win32
		{7BCDA897-E877-4BE5-987D-5F7B0354AC33}.Release|x86.Build.0 = Release|Win32
		{398B50F8-090F-408C-8BFB-C2246A0D8925}.Debug|x64.ActiveCfg = Debug|x64
		{398B50F8-090F-408C-8BFB-C2246A0D8925}.Debug|x64.Build.0 = Debug|x64
		{398B50F8-090F-408C-8BFB-C2246A0D8925}.Debug|x86.ActiveCfg = Debug|Win32
		{398B50F8-090F-408C-8BFB-C2246A0D8925}.Debug|x86.Build.0 = Debug|Win32
		{398B50F8-090F-408C-8BFB-C2246A0D8925}.Release|x64.ActiveCfg = Release|x64
		{398B50F8-090F-408C-8BFB-C2246A0D8925}.Release|x64.Build.0 = Release|x64
		{398B50F8-090F-408C-8BFB-C2246A0D8925}.Release|x86.ActiveCfg = Release|Win32
		{398B50F8-090F-408C-8BFB-C2246A0D8925}.Release|x86.Build.0 = Release|Win32
		{AB49639F-68C7-4560-B329-87F9A55FAEA8}.Debug|x64.ActiveCfg = Debug|x64
		{AB49639F-68C7-4560-B329-87F9A55FAEA8}.Debug|x64.Build.0 = Debug|x64
		{AB49639F-68C7-4560-B329-87F9A55FAEA8}.Debug|x86.ActiveCfg = Debug|Win32
		{AB49639F-68C7-4560-B329-87F9A55FAEA8}.Debug|x86.Build.0 = Debug|Win32
		{AB49639F-68C7-4560-B329-87F9A55FAEA8}.Release|x64.ActiveCfg = Release|x64
		{AB49639F-68C7-4560-B329-87F9A55FAEA8}.Release|x64.Build.0 = Release|x64
		{AB49639F-68C7-4560-B329-87F9A55FAEA8}.Release|x86.ActiveCfg = Release|Win32
		{AB49639F-68C7-4560-B329-87F9A55FAEA8}.Release|x86.Build.0 = Release|Win32
		{51990945-6D9F-48D5-A486-13CA0202DB4A}.Debug|x64.ActiveCfg = Debug|x64
		{51990945-6D9F-48D5-A486-13CA0202DB4A}.Debug|x64.Build.0 = Debug|x64
		{51990945-6D9F-48D5-A486-13CA0202DB4A}.Debug|x86.ActiveCfg = Debug|Win32
		{51990945-6D9F-48D5-A486-13CA0202DB4A}.Debug|x86.Build.0 = Debug|Win32
		{51990945-6D9F-48D5-A486-13CA0202DB4A}.Release|x64.ActiveCfg = Release|x64
		{51990945-6D9F-48D5-A486-13CA0202DB4A}.Release|x64.Build.0 = Release|x64
		{51990945-6D9F-48D5-A486-13CA0202DB4A}.Release|x86.ActiveCfg = Release|Win32
		{51990945-6D9F-48D5-A486-13CA0202DB4A}.Release|x86.Build.0 = Release|Win32
	EndGlobalSection
	GlobalSection(SolutionProperties) = preSolution
		HideSolutionNode = FALSE
	EndGlobalSection
	GlobalSection(ExtensibilityGlobals) = postSolution
		SolutionGuid = {A7AC5173-B79B-4CF0-B5A1-0450E312EE91}
	EndGlobalSection
EndGlobal
